
Microsoft Visual Studio Solution File, Format Version 12.00
# Visual Studio 15
Project("{FAE04EC0-301F-11D3-BF4B-00C04F79EFBC}") = "BRF_Fighter", "BRF_Fighter.csproj", "{538CEB2C-5456-A797-AB5F-44331FDA3353}"
EndProject
Global
	GlobalSection(SolutionConfigurationPlatforms) = preSolution
		Debug|Any CPU = Debug|Any CPU
		Release|Any CPU = Release|Any CPU
	EndGlobalSection
	GlobalSection(ProjectConfigurationPlatforms) = postSolution
		{538CEB2C-5456-A797-AB5F-44331FDA3353}.Debug|Any CPU.ActiveCfg = Debug|Any CPU
		{538CEB2C-5456-A797-AB5F-44331FDA3353}.Debug|Any CPU.Build.0 = Debug|Any CPU
		{538CEB2C-5456-A797-AB5F-44331FDA3353}.Release|Any CPU.ActiveCfg = Release|Any CPU
		{538CEB2C-5456-A797-AB5F-44331FDA3353}.Release|Any CPU.Build.0 = Release|Any CPU
	EndGlobalSection
	GlobalSection(SolutionProperties) = preSolution
		HideSolutionNode = FALSE
	EndGlobalSection
EndGlobal
